
Microsoft Visual Studio Solution File, Format Version 11.00
# Visual Studio 2010
Project("{FAE04EC0-301F-11D3-BF4B-00C04F79EFBC}") = "Symphony.Core", "Symphony.Core\Symphony.Core.csproj", "{F67AD286-059F-4C8D-9D99-D92DB2DC887A}"
EndProject
Project("{FAE04EC0-301F-11D3-BF4B-00C04F79EFBC}") = "Symphony.Core.Tests", "Symphony.Core.Tests\Symphony.Core.Tests.csproj", "{E88C7308-8CBC-4162-914C-6BC26478B329}"
EndProject
Project("{FAE04EC0-301F-11D3-BF4B-00C04F79EFBC}") = "Symphony.SimulationDAQController", "SimulationDAQController\Symphony.SimulationDAQController.csproj", "{895EFC6D-8B2A-4B6E-8152-B391BA5000DE}"
EndProject
Project("{FAE04EC0-301F-11D3-BF4B-00C04F79EFBC}") = "Symphony.ExternalDevices", "Symphony.ExternalDevices\Symphony.ExternalDevices.csproj", "{8A9AF9F2-7ADF-48AA-8C34-0ED8BFB5D1D5}"
EndProject
Project("{FAE04EC0-301F-11D3-BF4B-00C04F79EFBC}") = "IntegrationTests", "IntegrationTests\IntegrationTests.csproj", "{DBF9DCFD-42C7-46E0-BFAB-EB94E6E82DF6}"
	ProjectSection(ProjectDependencies) = postProject
		{BC4ED219-1122-4148-8398-C869805F4BBA} = {BC4ED219-1122-4148-8398-C869805F4BBA}
	EndProjectSection
EndProject
Project("{8BC9CEB8-8B4A-11D0-8D11-00A0C91BC942}") = "HekaIOBridge", "HekaIOBridge\HekaIOBridge.vcxproj", "{1E6C7ABF-3546-428A-A61B-CFB83DB61317}"
	ProjectSection(ProjectDependencies) = postProject
		{F67AD286-059F-4C8D-9D99-D92DB2DC887A} = {F67AD286-059F-4C8D-9D99-D92DB2DC887A}
		{7FAECDDE-827D-49D4-A4FE-55BF9C986FD6} = {7FAECDDE-827D-49D4-A4FE-55BF9C986FD6}
	EndProjectSection
EndProject
Project("{FAE04EC0-301F-11D3-BF4B-00C04F79EFBC}") = "HekaNativeInterop", "HekaNativeInterop\HekaNativeInterop.csproj", "{7FAECDDE-827D-49D4-A4FE-55BF9C986FD6}"
EndProject
Project("{FAE04EC0-301F-11D3-BF4B-00C04F79EFBC}") = "Symphony.ExternalDevices.Tests", "Symphony.ExternalDevices.Tests\Symphony.ExternalDevices.Tests.csproj", "{F4E479F5-7EB1-42C1-A0F6-52D956A4A83F}"
EndProject
Project("{FAE04EC0-301F-11D3-BF4B-00C04F79EFBC}") = "MessageTrapper", "MessageTrapper\MessageTrapper.csproj", "{686DAC15-41A1-4FF4-A839-3F64531702D5}"
EndProject
Project("{930C7802-8A8C-48F9-8165-68863BCCD9DD}") = "SymphonyWixInstaller", "SymphonyWixInstaller\SymphonyWixInstaller.wixproj", "{4E5AFA3A-7EBB-45DE-BFB0-7AB1C222F994}"
	ProjectSection(ProjectDependencies) = postProject
		{895EFC6D-8B2A-4B6E-8152-B391BA5000DE} = {895EFC6D-8B2A-4B6E-8152-B391BA5000DE}
		{F67AD286-059F-4C8D-9D99-D92DB2DC887A} = {F67AD286-059F-4C8D-9D99-D92DB2DC887A}
		{1E6C7ABF-3546-428A-A61B-CFB83DB61317} = {1E6C7ABF-3546-428A-A61B-CFB83DB61317}
		{7FAECDDE-827D-49D4-A4FE-55BF9C986FD6} = {7FAECDDE-827D-49D4-A4FE-55BF9C986FD6}
		{8A9AF9F2-7ADF-48AA-8C34-0ED8BFB5D1D5} = {8A9AF9F2-7ADF-48AA-8C34-0ED8BFB5D1D5}
	EndProjectSection
EndProject
Project("{FAE04EC0-301F-11D3-BF4B-00C04F79EFBC}") = "HekaDAQController", "HekaDAQController\HekaDAQController.csproj", "{BC4ED219-1122-4148-8398-C869805F4BBA}"
EndProject
Project("{FAE04EC0-301F-11D3-BF4B-00C04F79EFBC}") = "HekaDAQController.Tests", "HekaDAQController.Tests\HekaDAQController.Tests.csproj", "{342754F3-6CC3-463D-94A9-617E18F76524}"
EndProject
Global
	GlobalSection(SolutionConfigurationPlatforms) = preSolution
		Debug|Any CPU = Debug|Any CPU
		Debug|Mixed Platforms = Debug|Mixed Platforms
		Debug|Win32 = Debug|Win32
		Debug|x64 = Debug|x64
		Debug|x86 = Debug|x86
		Release|Any CPU = Release|Any CPU
		Release|Mixed Platforms = Release|Mixed Platforms
		Release|Win32 = Release|Win32
		Release|x64 = Release|x64
		Release|x86 = Release|x86
	EndGlobalSection
	GlobalSection(ProjectConfigurationPlatforms) = postSolution
		{F67AD286-059F-4C8D-9D99-D92DB2DC887A}.Debug|Any CPU.ActiveCfg = Debug|Any CPU
		{F67AD286-059F-4C8D-9D99-D92DB2DC887A}.Debug|Any CPU.Build.0 = Debug|Any CPU
		{F67AD286-059F-4C8D-9D99-D92DB2DC887A}.Debug|Mixed Platforms.ActiveCfg = Debug|Any CPU
		{F67AD286-059F-4C8D-9D99-D92DB2DC887A}.Debug|Mixed Platforms.Build.0 = Debug|Any CPU
		{F67AD286-059F-4C8D-9D99-D92DB2DC887A}.Debug|Win32.ActiveCfg = Debug|Any CPU
		{F67AD286-059F-4C8D-9D99-D92DB2DC887A}.Debug|x64.ActiveCfg = Debug|x64
		{F67AD286-059F-4C8D-9D99-D92DB2DC887A}.Debug|x64.Build.0 = Debug|x64
		{F67AD286-059F-4C8D-9D99-D92DB2DC887A}.Debug|x86.ActiveCfg = Debug|x86
		{F67AD286-059F-4C8D-9D99-D92DB2DC887A}.Debug|x86.Build.0 = Debug|x86
		{F67AD286-059F-4C8D-9D99-D92DB2DC887A}.Release|Any CPU.ActiveCfg = Release|Any CPU
		{F67AD286-059F-4C8D-9D99-D92DB2DC887A}.Release|Any CPU.Build.0 = Release|Any CPU
		{F67AD286-059F-4C8D-9D99-D92DB2DC887A}.Release|Mixed Platforms.ActiveCfg = Release|Any CPU
		{F67AD286-059F-4C8D-9D99-D92DB2DC887A}.Release|Mixed Platforms.Build.0 = Release|Any CPU
		{F67AD286-059F-4C8D-9D99-D92DB2DC887A}.Release|Win32.ActiveCfg = Release|Any CPU
		{F67AD286-059F-4C8D-9D99-D92DB2DC887A}.Release|x64.ActiveCfg = Release|x64
		{F67AD286-059F-4C8D-9D99-D92DB2DC887A}.Release|x64.Build.0 = Release|x64
		{F67AD286-059F-4C8D-9D99-D92DB2DC887A}.Release|x86.ActiveCfg = Release|x86
		{F67AD286-059F-4C8D-9D99-D92DB2DC887A}.Release|x86.Build.0 = Release|x86
		{E88C7308-8CBC-4162-914C-6BC26478B329}.Debug|Any CPU.ActiveCfg = Debug|Any CPU
		{E88C7308-8CBC-4162-914C-6BC26478B329}.Debug|Any CPU.Build.0 = Debug|Any CPU
		{E88C7308-8CBC-4162-914C-6BC26478B329}.Debug|Mixed Platforms.ActiveCfg = Debug|Any CPU
		{E88C7308-8CBC-4162-914C-6BC26478B329}.Debug|Mixed Platforms.Build.0 = Debug|Any CPU
		{E88C7308-8CBC-4162-914C-6BC26478B329}.Debug|Win32.ActiveCfg = Debug|Any CPU
		{E88C7308-8CBC-4162-914C-6BC26478B329}.Debug|x64.ActiveCfg = Debug|x64
		{E88C7308-8CBC-4162-914C-6BC26478B329}.Debug|x64.Build.0 = Debug|x64
		{E88C7308-8CBC-4162-914C-6BC26478B329}.Debug|x86.ActiveCfg = Debug|x86
		{E88C7308-8CBC-4162-914C-6BC26478B329}.Debug|x86.Build.0 = Debug|x86
		{E88C7308-8CBC-4162-914C-6BC26478B329}.Release|Any CPU.ActiveCfg = Release|Any CPU
		{E88C7308-8CBC-4162-914C-6BC26478B329}.Release|Any CPU.Build.0 = Release|Any CPU
		{E88C7308-8CBC-4162-914C-6BC26478B329}.Release|Mixed Platforms.ActiveCfg = Release|Any CPU
		{E88C7308-8CBC-4162-914C-6BC26478B329}.Release|Mixed Platforms.Build.0 = Release|Any CPU
		{E88C7308-8CBC-4162-914C-6BC26478B329}.Release|Win32.ActiveCfg = Release|Any CPU
		{E88C7308-8CBC-4162-914C-6BC26478B329}.Release|x64.ActiveCfg = Release|x64
		{E88C7308-8CBC-4162-914C-6BC26478B329}.Release|x64.Build.0 = Release|x64
		{E88C7308-8CBC-4162-914C-6BC26478B329}.Release|x86.ActiveCfg = Release|x86
		{E88C7308-8CBC-4162-914C-6BC26478B329}.Release|x86.Build.0 = Release|x86
		{895EFC6D-8B2A-4B6E-8152-B391BA5000DE}.Debug|Any CPU.ActiveCfg = Debug|Any CPU
		{895EFC6D-8B2A-4B6E-8152-B391BA5000DE}.Debug|Any CPU.Build.0 = Debug|Any CPU
		{895EFC6D-8B2A-4B6E-8152-B391BA5000DE}.Debug|Mixed Platforms.ActiveCfg = Debug|Any CPU
		{895EFC6D-8B2A-4B6E-8152-B391BA5000DE}.Debug|Mixed Platforms.Build.0 = Debug|Any CPU
		{895EFC6D-8B2A-4B6E-8152-B391BA5000DE}.Debug|Win32.ActiveCfg = Debug|Any CPU
		{895EFC6D-8B2A-4B6E-8152-B391BA5000DE}.Debug|x64.ActiveCfg = Debug|x64
		{895EFC6D-8B2A-4B6E-8152-B391BA5000DE}.Debug|x64.Build.0 = Debug|x64
		{895EFC6D-8B2A-4B6E-8152-B391BA5000DE}.Debug|x86.ActiveCfg = Debug|x86
		{895EFC6D-8B2A-4B6E-8152-B391BA5000DE}.Debug|x86.Build.0 = Debug|x86
		{895EFC6D-8B2A-4B6E-8152-B391BA5000DE}.Release|Any CPU.ActiveCfg = Release|Any CPU
		{895EFC6D-8B2A-4B6E-8152-B391BA5000DE}.Release|Any CPU.Build.0 = Release|Any CPU
		{895EFC6D-8B2A-4B6E-8152-B391BA5000DE}.Release|Mixed Platforms.ActiveCfg = Release|Any CPU
		{895EFC6D-8B2A-4B6E-8152-B391BA5000DE}.Release|Mixed Platforms.Build.0 = Release|Any CPU
		{895EFC6D-8B2A-4B6E-8152-B391BA5000DE}.Release|Win32.ActiveCfg = Release|Any CPU
		{895EFC6D-8B2A-4B6E-8152-B391BA5000DE}.Release|x64.ActiveCfg = Release|x64
		{895EFC6D-8B2A-4B6E-8152-B391BA5000DE}.Release|x64.Build.0 = Release|x64
		{895EFC6D-8B2A-4B6E-8152-B391BA5000DE}.Release|x86.ActiveCfg = Release|x86
		{895EFC6D-8B2A-4B6E-8152-B391BA5000DE}.Release|x86.Build.0 = Release|x86
		{8A9AF9F2-7ADF-48AA-8C34-0ED8BFB5D1D5}.Debug|Any CPU.ActiveCfg = Debug|Any CPU
		{8A9AF9F2-7ADF-48AA-8C34-0ED8BFB5D1D5}.Debug|Any CPU.Build.0 = Debug|Any CPU
		{8A9AF9F2-7ADF-48AA-8C34-0ED8BFB5D1D5}.Debug|Mixed Platforms.ActiveCfg = Debug|Any CPU
		{8A9AF9F2-7ADF-48AA-8C34-0ED8BFB5D1D5}.Debug|Mixed Platforms.Build.0 = Debug|Any CPU
		{8A9AF9F2-7ADF-48AA-8C34-0ED8BFB5D1D5}.Debug|Win32.ActiveCfg = Debug|Any CPU
		{8A9AF9F2-7ADF-48AA-8C34-0ED8BFB5D1D5}.Debug|x64.ActiveCfg = Debug|x64
		{8A9AF9F2-7ADF-48AA-8C34-0ED8BFB5D1D5}.Debug|x64.Build.0 = Debug|x64
		{8A9AF9F2-7ADF-48AA-8C34-0ED8BFB5D1D5}.Debug|x86.ActiveCfg = Debug|x86
		{8A9AF9F2-7ADF-48AA-8C34-0ED8BFB5D1D5}.Debug|x86.Build.0 = Debug|x86
		{8A9AF9F2-7ADF-48AA-8C34-0ED8BFB5D1D5}.Release|Any CPU.ActiveCfg = Release|Any CPU
		{8A9AF9F2-7ADF-48AA-8C34-0ED8BFB5D1D5}.Release|Any CPU.Build.0 = Release|Any CPU
		{8A9AF9F2-7ADF-48AA-8C34-0ED8BFB5D1D5}.Release|Mixed Platforms.ActiveCfg = Release|Any CPU
		{8A9AF9F2-7ADF-48AA-8C34-0ED8BFB5D1D5}.Release|Mixed Platforms.Build.0 = Release|Any CPU
		{8A9AF9F2-7ADF-48AA-8C34-0ED8BFB5D1D5}.Release|Win32.ActiveCfg = Release|Any CPU
		{8A9AF9F2-7ADF-48AA-8C34-0ED8BFB5D1D5}.Release|x64.ActiveCfg = Release|x64
		{8A9AF9F2-7ADF-48AA-8C34-0ED8BFB5D1D5}.Release|x64.Build.0 = Release|x64
		{8A9AF9F2-7ADF-48AA-8C34-0ED8BFB5D1D5}.Release|x86.ActiveCfg = Release|x86
		{8A9AF9F2-7ADF-48AA-8C34-0ED8BFB5D1D5}.Release|x86.Build.0 = Release|x86
		{DBF9DCFD-42C7-46E0-BFAB-EB94E6E82DF6}.Debug|Any CPU.ActiveCfg = Debug|Any CPU
		{DBF9DCFD-42C7-46E0-BFAB-EB94E6E82DF6}.Debug|Any CPU.Build.0 = Debug|Any CPU
		{DBF9DCFD-42C7-46E0-BFAB-EB94E6E82DF6}.Debug|Mixed Platforms.ActiveCfg = Debug|Any CPU
		{DBF9DCFD-42C7-46E0-BFAB-EB94E6E82DF6}.Debug|Mixed Platforms.Build.0 = Debug|Any CPU
		{DBF9DCFD-42C7-46E0-BFAB-EB94E6E82DF6}.Debug|Win32.ActiveCfg = Debug|Any CPU
		{DBF9DCFD-42C7-46E0-BFAB-EB94E6E82DF6}.Debug|x64.ActiveCfg = Debug|x64
		{DBF9DCFD-42C7-46E0-BFAB-EB94E6E82DF6}.Debug|x64.Build.0 = Debug|x64
		{DBF9DCFD-42C7-46E0-BFAB-EB94E6E82DF6}.Debug|x86.ActiveCfg = Debug|x86
		{DBF9DCFD-42C7-46E0-BFAB-EB94E6E82DF6}.Debug|x86.Build.0 = Debug|x86
		{DBF9DCFD-42C7-46E0-BFAB-EB94E6E82DF6}.Release|Any CPU.ActiveCfg = Release|Any CPU
		{DBF9DCFD-42C7-46E0-BFAB-EB94E6E82DF6}.Release|Any CPU.Build.0 = Release|Any CPU
		{DBF9DCFD-42C7-46E0-BFAB-EB94E6E82DF6}.Release|Mixed Platforms.ActiveCfg = Release|Any CPU
		{DBF9DCFD-42C7-46E0-BFAB-EB94E6E82DF6}.Release|Mixed Platforms.Build.0 = Release|Any CPU
		{DBF9DCFD-42C7-46E0-BFAB-EB94E6E82DF6}.Release|Win32.ActiveCfg = Release|Any CPU
		{DBF9DCFD-42C7-46E0-BFAB-EB94E6E82DF6}.Release|x64.ActiveCfg = Release|x64
		{DBF9DCFD-42C7-46E0-BFAB-EB94E6E82DF6}.Release|x64.Build.0 = Release|x64
		{DBF9DCFD-42C7-46E0-BFAB-EB94E6E82DF6}.Release|x86.ActiveCfg = Release|x86
		{DBF9DCFD-42C7-46E0-BFAB-EB94E6E82DF6}.Release|x86.Build.0 = Release|x86
		{1E6C7ABF-3546-428A-A61B-CFB83DB61317}.Debug|Any CPU.ActiveCfg = Debug|Win32
		{1E6C7ABF-3546-428A-A61B-CFB83DB61317}.Debug|Any CPU.Build.0 = Debug|Win32
		{1E6C7ABF-3546-428A-A61B-CFB83DB61317}.Debug|Mixed Platforms.ActiveCfg = Debug|Win32
		{1E6C7ABF-3546-428A-A61B-CFB83DB61317}.Debug|Mixed Platforms.Build.0 = Debug|Win32
		{1E6C7ABF-3546-428A-A61B-CFB83DB61317}.Debug|Win32.ActiveCfg = Debug|Win32
		{1E6C7ABF-3546-428A-A61B-CFB83DB61317}.Debug|Win32.Build.0 = Debug|Win32
		{1E6C7ABF-3546-428A-A61B-CFB83DB61317}.Debug|x64.ActiveCfg = Debug|x64
		{1E6C7ABF-3546-428A-A61B-CFB83DB61317}.Debug|x64.Build.0 = Debug|x64
		{1E6C7ABF-3546-428A-A61B-CFB83DB61317}.Debug|x86.ActiveCfg = Debug|Win32
		{1E6C7ABF-3546-428A-A61B-CFB83DB61317}.Debug|x86.Build.0 = Debug|Win32
		{1E6C7ABF-3546-428A-A61B-CFB83DB61317}.Release|Any CPU.ActiveCfg = Release|Win32
		{1E6C7ABF-3546-428A-A61B-CFB83DB61317}.Release|Any CPU.Build.0 = Release|Win32
		{1E6C7ABF-3546-428A-A61B-CFB83DB61317}.Release|Mixed Platforms.ActiveCfg = Release|Win32
		{1E6C7ABF-3546-428A-A61B-CFB83DB61317}.Release|Mixed Platforms.Build.0 = Release|Win32
		{1E6C7ABF-3546-428A-A61B-CFB83DB61317}.Release|Win32.ActiveCfg = Release|Win32
		{1E6C7ABF-3546-428A-A61B-CFB83DB61317}.Release|Win32.Build.0 = Release|Win32
		{1E6C7ABF-3546-428A-A61B-CFB83DB61317}.Release|x64.ActiveCfg = Release|x64
		{1E6C7ABF-3546-428A-A61B-CFB83DB61317}.Release|x64.Build.0 = Release|x64
		{1E6C7ABF-3546-428A-A61B-CFB83DB61317}.Release|x86.ActiveCfg = Release|Win32
		{1E6C7ABF-3546-428A-A61B-CFB83DB61317}.Release|x86.Build.0 = Release|Win32
		{7FAECDDE-827D-49D4-A4FE-55BF9C986FD6}.Debug|Any CPU.ActiveCfg = Debug|Any CPU
		{7FAECDDE-827D-49D4-A4FE-55BF9C986FD6}.Debug|Any CPU.Build.0 = Debug|Any CPU
		{7FAECDDE-827D-49D4-A4FE-55BF9C986FD6}.Debug|Mixed Platforms.ActiveCfg = Debug|Any CPU
		{7FAECDDE-827D-49D4-A4FE-55BF9C986FD6}.Debug|Mixed Platforms.Build.0 = Debug|Any CPU
		{7FAECDDE-827D-49D4-A4FE-55BF9C986FD6}.Debug|Win32.ActiveCfg = Debug|Any CPU
		{7FAECDDE-827D-49D4-A4FE-55BF9C986FD6}.Debug|x64.ActiveCfg = Debug|x64
		{7FAECDDE-827D-49D4-A4FE-55BF9C986FD6}.Debug|x64.Build.0 = Debug|x64
		{7FAECDDE-827D-49D4-A4FE-55BF9C986FD6}.Debug|x86.ActiveCfg = Debug|x86
		{7FAECDDE-827D-49D4-A4FE-55BF9C986FD6}.Debug|x86.Build.0 = Debug|x86
		{7FAECDDE-827D-49D4-A4FE-55BF9C986FD6}.Release|Any CPU.ActiveCfg = Release|Any CPU
		{7FAECDDE-827D-49D4-A4FE-55BF9C986FD6}.Release|Any CPU.Build.0 = Release|Any CPU
		{7FAECDDE-827D-49D4-A4FE-55BF9C986FD6}.Release|Mixed Platforms.ActiveCfg = Release|Any CPU
		{7FAECDDE-827D-49D4-A4FE-55BF9C986FD6}.Release|Mixed Platforms.Build.0 = Release|Any CPU
		{7FAECDDE-827D-49D4-A4FE-55BF9C986FD6}.Release|Win32.ActiveCfg = Release|Any CPU
		{7FAECDDE-827D-49D4-A4FE-55BF9C986FD6}.Release|x64.ActiveCfg = Release|x64
		{7FAECDDE-827D-49D4-A4FE-55BF9C986FD6}.Release|x64.Build.0 = Release|x64
		{7FAECDDE-827D-49D4-A4FE-55BF9C986FD6}.Release|x86.ActiveCfg = Release|x86
		{7FAECDDE-827D-49D4-A4FE-55BF9C986FD6}.Release|x86.Build.0 = Release|x86
		{F4E479F5-7EB1-42C1-A0F6-52D956A4A83F}.Debug|Any CPU.ActiveCfg = Debug|Any CPU
		{F4E479F5-7EB1-42C1-A0F6-52D956A4A83F}.Debug|Any CPU.Build.0 = Debug|Any CPU
		{F4E479F5-7EB1-42C1-A0F6-52D956A4A83F}.Debug|Mixed Platforms.ActiveCfg = Debug|Any CPU
		{F4E479F5-7EB1-42C1-A0F6-52D956A4A83F}.Debug|Mixed Platforms.Build.0 = Debug|Any CPU
		{F4E479F5-7EB1-42C1-A0F6-52D956A4A83F}.Debug|Win32.ActiveCfg = Debug|Any CPU
		{F4E479F5-7EB1-42C1-A0F6-52D956A4A83F}.Debug|x64.ActiveCfg = Debug|x64
		{F4E479F5-7EB1-42C1-A0F6-52D956A4A83F}.Debug|x64.Build.0 = Debug|x64
		{F4E479F5-7EB1-42C1-A0F6-52D956A4A83F}.Debug|x86.ActiveCfg = Debug|x86
		{F4E479F5-7EB1-42C1-A0F6-52D956A4A83F}.Debug|x86.Build.0 = Debug|x86
		{F4E479F5-7EB1-42C1-A0F6-52D956A4A83F}.Release|Any CPU.ActiveCfg = Release|Any CPU
		{F4E479F5-7EB1-42C1-A0F6-52D956A4A83F}.Release|Any CPU.Build.0 = Release|Any CPU
		{F4E479F5-7EB1-42C1-A0F6-52D956A4A83F}.Release|Mixed Platforms.ActiveCfg = Release|Any CPU
		{F4E479F5-7EB1-42C1-A0F6-52D956A4A83F}.Release|Mixed Platforms.Build.0 = Release|Any CPU
		{F4E479F5-7EB1-42C1-A0F6-52D956A4A83F}.Release|Win32.ActiveCfg = Release|Any CPU
		{F4E479F5-7EB1-42C1-A0F6-52D956A4A83F}.Release|x64.ActiveCfg = Release|x64
		{F4E479F5-7EB1-42C1-A0F6-52D956A4A83F}.Release|x64.Build.0 = Release|x64
		{F4E479F5-7EB1-42C1-A0F6-52D956A4A83F}.Release|x86.ActiveCfg = Release|x86
		{F4E479F5-7EB1-42C1-A0F6-52D956A4A83F}.Release|x86.Build.0 = Release|x86
		{686DAC15-41A1-4FF4-A839-3F64531702D5}.Debug|Any CPU.ActiveCfg = Debug|x86
		{686DAC15-41A1-4FF4-A839-3F64531702D5}.Debug|Mixed Platforms.ActiveCfg = Debug|x86
		{686DAC15-41A1-4FF4-A839-3F64531702D5}.Debug|Mixed Platforms.Build.0 = Debug|x86
		{686DAC15-41A1-4FF4-A839-3F64531702D5}.Debug|Win32.ActiveCfg = Debug|x86
		{686DAC15-41A1-4FF4-A839-3F64531702D5}.Debug|x64.ActiveCfg = Debug|x64
		{686DAC15-41A1-4FF4-A839-3F64531702D5}.Debug|x86.ActiveCfg = Debug|x86
		{686DAC15-41A1-4FF4-A839-3F64531702D5}.Debug|x86.Build.0 = Debug|x86
		{686DAC15-41A1-4FF4-A839-3F64531702D5}.Release|Any CPU.ActiveCfg = Release|x86
		{686DAC15-41A1-4FF4-A839-3F64531702D5}.Release|Mixed Platforms.ActiveCfg = Release|x86
		{686DAC15-41A1-4FF4-A839-3F64531702D5}.Release|Mixed Platforms.Build.0 = Release|x86
		{686DAC15-41A1-4FF4-A839-3F64531702D5}.Release|Win32.ActiveCfg = Release|x86
		{686DAC15-41A1-4FF4-A839-3F64531702D5}.Release|x64.ActiveCfg = Release|x64
		{686DAC15-41A1-4FF4-A839-3F64531702D5}.Release|x86.ActiveCfg = Release|x86
		{686DAC15-41A1-4FF4-A839-3F64531702D5}.Release|x86.Build.0 = Release|x86
		{4E5AFA3A-7EBB-45DE-BFB0-7AB1C222F994}.Debug|Any CPU.ActiveCfg = Debug|x86
		{4E5AFA3A-7EBB-45DE-BFB0-7AB1C222F994}.Debug|Mixed Platforms.ActiveCfg = Debug|x86
		{4E5AFA3A-7EBB-45DE-BFB0-7AB1C222F994}.Debug|Mixed Platforms.Build.0 = Debug|x86
		{4E5AFA3A-7EBB-45DE-BFB0-7AB1C222F994}.Debug|Win32.ActiveCfg = Debug|x86
		{4E5AFA3A-7EBB-45DE-BFB0-7AB1C222F994}.Debug|x64.ActiveCfg = Debug|x64
		{4E5AFA3A-7EBB-45DE-BFB0-7AB1C222F994}.Debug|x86.ActiveCfg = Debug|x86
		{4E5AFA3A-7EBB-45DE-BFB0-7AB1C222F994}.Release|Any CPU.ActiveCfg = Release|x86
		{4E5AFA3A-7EBB-45DE-BFB0-7AB1C222F994}.Release|Mixed Platforms.ActiveCfg = Release|x86
		{4E5AFA3A-7EBB-45DE-BFB0-7AB1C222F994}.Release|Mixed Platforms.Build.0 = Release|x86
		{4E5AFA3A-7EBB-45DE-BFB0-7AB1C222F994}.Release|Win32.ActiveCfg = Release|x86
		{4E5AFA3A-7EBB-45DE-BFB0-7AB1C222F994}.Release|x64.ActiveCfg = Release|x64
		{4E5AFA3A-7EBB-45DE-BFB0-7AB1C222F994}.Release|x64.Build.0 = Release|x64
		{4E5AFA3A-7EBB-45DE-BFB0-7AB1C222F994}.Release|x86.ActiveCfg = Release|x86
		{4E5AFA3A-7EBB-45DE-BFB0-7AB1C222F994}.Release|x86.Build.0 = Release|x86
		{BC4ED219-1122-4148-8398-C869805F4BBA}.Debug|Any CPU.ActiveCfg = Debug|Any CPU
		{BC4ED219-1122-4148-8398-C869805F4BBA}.Debug|Any CPU.Build.0 = Debug|Any CPU
		{BC4ED219-1122-4148-8398-C869805F4BBA}.Debug|Mixed Platforms.ActiveCfg = Debug|x64
		{BC4ED219-1122-4148-8398-C869805F4BBA}.Debug|Mixed Platforms.Build.0 = Debug|x64
		{BC4ED219-1122-4148-8398-C869805F4BBA}.Debug|Win32.ActiveCfg = Debug|x64
		{BC4ED219-1122-4148-8398-C869805F4BBA}.Debug|x64.ActiveCfg = Debug|x64
		{BC4ED219-1122-4148-8398-C869805F4BBA}.Debug|x64.Build.0 = Debug|x64
		{BC4ED219-1122-4148-8398-C869805F4BBA}.Debug|x86.ActiveCfg = Debug|x86
		{BC4ED219-1122-4148-8398-C869805F4BBA}.Debug|x86.Build.0 = Debug|x86
		{BC4ED219-1122-4148-8398-C869805F4BBA}.Release|Any CPU.ActiveCfg = Release|Any CPU
		{BC4ED219-1122-4148-8398-C869805F4BBA}.Release|Any CPU.Build.0 = Release|Any CPU
		{BC4ED219-1122-4148-8398-C869805F4BBA}.Release|Mixed Platforms.ActiveCfg = Release|x64
		{BC4ED219-1122-4148-8398-C869805F4BBA}.Release|Mixed Platforms.Build.0 = Release|x64
		{BC4ED219-1122-4148-8398-C869805F4BBA}.Release|Win32.ActiveCfg = Release|x64
		{BC4ED219-1122-4148-8398-C869805F4BBA}.Release|x64.ActiveCfg = Release|x64
		{BC4ED219-1122-4148-8398-C869805F4BBA}.Release|x64.Build.0 = Release|x64
		{BC4ED219-1122-4148-8398-C869805F4BBA}.Release|x86.ActiveCfg = Release|x86
		{BC4ED219-1122-4148-8398-C869805F4BBA}.Release|x86.Build.0 = Release|x86
		{342754F3-6CC3-463D-94A9-617E18F76524}.Debug|Any CPU.ActiveCfg = Debug|Any CPU
		{342754F3-6CC3-463D-94A9-617E18F76524}.Debug|Any CPU.Build.0 = Debug|Any CPU
		{342754F3-6CC3-463D-94A9-617E18F76524}.Debug|Mixed Platforms.ActiveCfg = Debug|x64
		{342754F3-6CC3-463D-94A9-617E18F76524}.Debug|Mixed Platforms.Build.0 = Debug|x64
		{342754F3-6CC3-463D-94A9-617E18F76524}.Debug|Win32.ActiveCfg = Debug|x64
		{342754F3-6CC3-463D-94A9-617E18F76524}.Debug|x64.ActiveCfg = Debug|x64
		{342754F3-6CC3-463D-94A9-617E18F76524}.Debug|x64.Build.0 = Debug|x64
		{342754F3-6CC3-463D-94A9-617E18F76524}.Debug|x86.ActiveCfg = Debug|x86
		{342754F3-6CC3-463D-94A9-617E18F76524}.Debug|x86.Build.0 = Debug|x86
		{342754F3-6CC3-463D-94A9-617E18F76524}.Release|Any CPU.ActiveCfg = Release|Any CPU
		{342754F3-6CC3-463D-94A9-617E18F76524}.Release|Any CPU.Build.0 = Release|Any CPU
		{342754F3-6CC3-463D-94A9-617E18F76524}.Release|Mixed Platforms.ActiveCfg = Release|x64
		{342754F3-6CC3-463D-94A9-617E18F76524}.Release|Mixed Platforms.Build.0 = Release|x64
		{342754F3-6CC3-463D-94A9-617E18F76524}.Release|Win32.ActiveCfg = Release|x64
		{342754F3-6CC3-463D-94A9-617E18F76524}.Release|x64.ActiveCfg = Release|x64
		{342754F3-6CC3-463D-94A9-617E18F76524}.Release|x64.Build.0 = Release|x64
		{342754F3-6CC3-463D-94A9-617E18F76524}.Release|x86.ActiveCfg = Release|x86
		{342754F3-6CC3-463D-94A9-617E18F76524}.Release|x86.Build.0 = Release|x86
	EndGlobalSection
	GlobalSection(SolutionProperties) = preSolution
		HideSolutionNode = FALSE
	EndGlobalSection
EndGlobal
